// !$*UTF8*$!
{
	archiveVersion = 1;
	classes = {
	};
	objectVersion = 46;
	objects = {

/* Begin PBXBuildFile section */
		4F1AF0901EED519900759DCC /* AppDelegate.swift in Sources */ = {isa = PBXBuildFile; fileRef = 4F1AF07E1EED519900759DCC /* AppDelegate.swift */; };
		4F1AF0941EED525C00759DCC /* LaunchScreen.storyboard in Resources */ = {isa = PBXBuildFile; fileRef = 4F1AF0921EED525C00759DCC /* LaunchScreen.storyboard */; };
		4F1AF0951EED525C00759DCC /* Main.storyboard in Resources */ = {isa = PBXBuildFile; fileRef = 4F1AF0931EED525C00759DCC /* Main.storyboard */; };
		4F1AF0A41EED7CD300759DCC /* BasePresenter.swift in Sources */ = {isa = PBXBuildFile; fileRef = 4F1AF0A31EED7CD300759DCC /* BasePresenter.swift */; };
		4F1AF0A71EED7D4B00759DCC /* BaseViewController.swift in Sources */ = {isa = PBXBuildFile; fileRef = 4F1AF0A61EED7D4B00759DCC /* BaseViewController.swift */; };
		4F45B4881ED1D5A700EF3E2D /* BusinessManager.xcdatamodeld in Sources */ = {isa = PBXBuildFile; fileRef = 4F45B4861ED1D5A700EF3E2D /* BusinessManager.xcdatamodeld */; };
		4F45B48A1ED1D5A700EF3E2D /* Assets.xcassets in Resources */ = {isa = PBXBuildFile; fileRef = 4F45B4891ED1D5A700EF3E2D /* Assets.xcassets */; };
		F70C575C1EF3BCBE00EFFC34 /* LoginViewController.swift in Sources */ = {isa = PBXBuildFile; fileRef = F70C57551EF3BCBE00EFFC34 /* LoginViewController.swift */; };
		F70C575E1EF3BCD700EFFC34 /* SignupViewController.swift in Sources */ = {isa = PBXBuildFile; fileRef = F70C575D1EF3BCD700EFFC34 /* SignupViewController.swift */; };
		F70C57621EF3BD6300EFFC34 /* LoginPresenter.swift in Sources */ = {isa = PBXBuildFile; fileRef = F70C57611EF3BD6300EFFC34 /* LoginPresenter.swift */; };
		F70C57641EF3BD9E00EFFC34 /* LoginInteractor.swift in Sources */ = {isa = PBXBuildFile; fileRef = F70C57631EF3BD9E00EFFC34 /* LoginInteractor.swift */; };
		F70C57661EF3BDD500EFFC34 /* LoginRoutes.swift in Sources */ = {isa = PBXBuildFile; fileRef = F70C57651EF3BDD500EFFC34 /* LoginRoutes.swift */; };
		F71B38411EF413E9001B89DA /* BaseValidator.swift in Sources */ = {isa = PBXBuildFile; fileRef = F71B38401EF413E9001B89DA /* BaseValidator.swift */; };
/* End PBXBuildFile section */

/* Begin PBXFileReference section */
		4F1AF07E1EED519900759DCC /* AppDelegate.swift */ = {isa = PBXFileReference; fileEncoding = 4; lastKnownFileType = sourcecode.swift; path = AppDelegate.swift; sourceTree = "<group>"; };
		4F1AF0921EED525C00759DCC /* LaunchScreen.storyboard */ = {isa = PBXFileReference; fileEncoding = 4; lastKnownFileType = file.storyboard; path = LaunchScreen.storyboard; sourceTree = "<group>"; };
		4F1AF0931EED525C00759DCC /* Main.storyboard */ = {isa = PBXFileReference; fileEncoding = 4; lastKnownFileType = file.storyboard; path = Main.storyboard; sourceTree = "<group>"; };
		4F1AF0A31EED7CD300759DCC /* BasePresenter.swift */ = {isa = PBXFileReference; fileEncoding = 4; lastKnownFileType = sourcecode.swift; path = BasePresenter.swift; sourceTree = "<group>"; };
		4F1AF0A61EED7D4B00759DCC /* BaseViewController.swift */ = {isa = PBXFileReference; fileEncoding = 4; lastKnownFileType = sourcecode.swift; path = BaseViewController.swift; sourceTree = "<group>"; };
		4F45B47C1ED1D5A700EF3E2D /* BusinessManager.app */ = {isa = PBXFileReference; explicitFileType = wrapper.application; includeInIndex = 0; path = BusinessManager.app; sourceTree = BUILT_PRODUCTS_DIR; };
		4F45B4871ED1D5A700EF3E2D /* BusinessManager.xcdatamodel */ = {isa = PBXFileReference; lastKnownFileType = wrapper.xcdatamodel; path = BusinessManager.xcdatamodel; sourceTree = "<group>"; };
		4F45B4891ED1D5A700EF3E2D /* Assets.xcassets */ = {isa = PBXFileReference; lastKnownFileType = folder.assetcatalog; path = Assets.xcassets; sourceTree = "<group>"; };
		4F45B48E1ED1D5A700EF3E2D /* Info.plist */ = {isa = PBXFileReference; lastKnownFileType = text.plist.xml; path = Info.plist; sourceTree = "<group>"; };
		F70C57551EF3BCBE00EFFC34 /* LoginViewController.swift */ = {isa = PBXFileReference; fileEncoding = 4; lastKnownFileType = sourcecode.swift; path = LoginViewController.swift; sourceTree = "<group>"; };
		F70C575D1EF3BCD700EFFC34 /* SignupViewController.swift */ = {isa = PBXFileReference; fileEncoding = 4; lastKnownFileType = sourcecode.swift; path = SignupViewController.swift; sourceTree = "<group>"; };
		F70C57611EF3BD6300EFFC34 /* LoginPresenter.swift */ = {isa = PBXFileReference; fileEncoding = 4; lastKnownFileType = sourcecode.swift; path = LoginPresenter.swift; sourceTree = "<group>"; };
		F70C57631EF3BD9E00EFFC34 /* LoginInteractor.swift */ = {isa = PBXFileReference; fileEncoding = 4; lastKnownFileType = sourcecode.swift; path = LoginInteractor.swift; sourceTree = "<group>"; };
		F70C57651EF3BDD500EFFC34 /* LoginRoutes.swift */ = {isa = PBXFileReference; fileEncoding = 4; lastKnownFileType = sourcecode.swift; path = LoginRoutes.swift; sourceTree = "<group>"; };
		F71B38401EF413E9001B89DA /* BaseValidator.swift */ = {isa = PBXFileReference; fileEncoding = 4; lastKnownFileType = sourcecode.swift; path = BaseValidator.swift; sourceTree = "<group>"; };
/* End PBXFileReference section */

/* Begin PBXFrameworksBuildPhase section */
		4F45B4791ED1D5A500EF3E2D /* Frameworks */ = {
			isa = PBXFrameworksBuildPhase;
			buildActionMask = 2147483647;
			files = (
			);
			runOnlyForDeploymentPostprocessing = 0;
		};
/* End PBXFrameworksBuildPhase section */

/* Begin PBXGroup section */
		4F1AF07D1EED519900759DCC /* Application */ = {
			isa = PBXGroup;
			children = (
				4F1AF07E1EED519900759DCC /* AppDelegate.swift */,
			);
			path = Application;
			sourceTree = "<group>";
		};
		4F1AF0801EED519900759DCC /* Modules */ = {
			isa = PBXGroup;
			children = (
				F70C574F1EF3BCBE00EFFC34 /* Login */,
				F70C57561EF3BCBE00EFFC34 /* Signup */,
			);
			path = Modules;
			sourceTree = "<group>";
		};
		4F1AF08E1EED519900759DCC /* Storyboards */ = {
			isa = PBXGroup;
			children = (
				4F1AF0921EED525C00759DCC /* LaunchScreen.storyboard */,
				4F1AF0931EED525C00759DCC /* Main.storyboard */,
			);
			path = Storyboards;
			sourceTree = "<group>";
		};
		4F1AF0981EED55E100759DCC /* BaseClasses */ = {
			isa = PBXGroup;
			children = (
				F71B383D1EF413E9001B89DA /* BaseErrorController */,
				F71B383E1EF413E9001B89DA /* BaseNetwork */,
				F71B383F1EF413E9001B89DA /* BaseValidator */,
				4F1AF0A51EED7D3D00759DCC /* BaseViewController */,
				4F1AF0A21EED7CD300759DCC /* BasePresenter */,
			);
			path = BaseClasses;
			sourceTree = "<group>";
		};
		4F1AF09B1EED55F000759DCC /* Constants */ = {
			isa = PBXGroup;
			children = (
			);
			path = Constants;
			sourceTree = "<group>";
		};
		4F1AF0A21EED7CD300759DCC /* BasePresenter */ = {
			isa = PBXGroup;
			children = (
				4F1AF0A31EED7CD300759DCC /* BasePresenter.swift */,
			);
			path = BasePresenter;
			sourceTree = "<group>";
		};
		4F1AF0A51EED7D3D00759DCC /* BaseViewController */ = {
			isa = PBXGroup;
			children = (
				4F1AF0A61EED7D4B00759DCC /* BaseViewController.swift */,
			);
			path = BaseViewController;
			sourceTree = "<group>";
		};
		4F45B4731ED1D5A500EF3E2D = {
			isa = PBXGroup;
			children = (
				4F45B47E1ED1D5A700EF3E2D /* BusinessManager */,
				4F45B47D1ED1D5A700EF3E2D /* Products */,
			);
			sourceTree = "<group>";
		};
		4F45B47D1ED1D5A700EF3E2D /* Products */ = {
			isa = PBXGroup;
			children = (
				4F45B47C1ED1D5A700EF3E2D /* BusinessManager.app */,
			);
			name = Products;
			sourceTree = "<group>";
		};
		4F45B47E1ED1D5A700EF3E2D /* BusinessManager */ = {
			isa = PBXGroup;
			children = (
				4F1AF07D1EED519900759DCC /* Application */,
				4F1AF09B1EED55F000759DCC /* Constants */,
				4F1AF0981EED55E100759DCC /* BaseClasses */,
				4F1AF0801EED519900759DCC /* Modules */,
				4F1AF08E1EED519900759DCC /* Storyboards */,
				4F45B4891ED1D5A700EF3E2D /* Assets.xcassets */,
				4F45B48E1ED1D5A700EF3E2D /* Info.plist */,
				4F45B4861ED1D5A700EF3E2D /* BusinessManager.xcdatamodeld */,
			);
			path = BusinessManager;
			sourceTree = "<group>";
		};
		F70C574F1EF3BCBE00EFFC34 /* Login */ = {
			isa = PBXGroup;
			children = (
				F70C57541EF3BCBE00EFFC34 /* LoginViewController */,
				F70C57521EF3BCBE00EFFC34 /* LoginPresenter */,
				F70C57511EF3BCBE00EFFC34 /* LoginInteractor */,
				F70C57501EF3BCBE00EFFC34 /* LoginEntity */,
				F70C57531EF3BCBE00EFFC34 /* LoginRoutes */,
			);
			path = Login;
			sourceTree = "<group>";
		};
		F70C57501EF3BCBE00EFFC34 /* LoginEntity */ = {
			isa = PBXGroup;
			children = (
			);
			path = LoginEntity;
			sourceTree = "<group>";
		};
		F70C57511EF3BCBE00EFFC34 /* LoginInteractor */ = {
			isa = PBXGroup;
			children = (
				F70C57631EF3BD9E00EFFC34 /* LoginInteractor.swift */,
			);
			path = LoginInteractor;
			sourceTree = "<group>";
		};
		F70C57521EF3BCBE00EFFC34 /* LoginPresenter */ = {
			isa = PBXGroup;
			children = (
				F70C57611EF3BD6300EFFC34 /* LoginPresenter.swift */,
			);
			path = LoginPresenter;
			sourceTree = "<group>";
		};
		F70C57531EF3BCBE00EFFC34 /* LoginRoutes */ = {
			isa = PBXGroup;
			children = (
				F70C57651EF3BDD500EFFC34 /* LoginRoutes.swift */,
			);
			path = LoginRoutes;
			sourceTree = "<group>";
		};
		F70C57541EF3BCBE00EFFC34 /* LoginViewController */ = {
			isa = PBXGroup;
			children = (
				F70C57551EF3BCBE00EFFC34 /* LoginViewController.swift */,
			);
			path = LoginViewController;
			sourceTree = "<group>";
		};
		F70C57561EF3BCBE00EFFC34 /* Signup */ = {
			isa = PBXGroup;
			children = (
				F70C57571EF3BCBE00EFFC34 /* SignupEntity */,
				F70C57581EF3BCBE00EFFC34 /* SignupInteractor */,
				F70C57591EF3BCBE00EFFC34 /* SignupPresenter */,
				F70C575A1EF3BCBE00EFFC34 /* SignupRoutes */,
				F70C575B1EF3BCBE00EFFC34 /* SignupViewController */,
			);
			path = Signup;
			sourceTree = "<group>";
		};
		F70C57571EF3BCBE00EFFC34 /* SignupEntity */ = {
			isa = PBXGroup;
			children = (
			);
			path = SignupEntity;
			sourceTree = "<group>";
		};
		F70C57581EF3BCBE00EFFC34 /* SignupInteractor */ = {
			isa = PBXGroup;
			children = (
			);
			path = SignupInteractor;
			sourceTree = "<group>";
		};
		F70C57591EF3BCBE00EFFC34 /* SignupPresenter */ = {
			isa = PBXGroup;
			children = (
			);
			path = SignupPresenter;
			sourceTree = "<group>";
		};
		F70C575A1EF3BCBE00EFFC34 /* SignupRoutes */ = {
			isa = PBXGroup;
			children = (
			);
			path = SignupRoutes;
			sourceTree = "<group>";
		};
		F70C575B1EF3BCBE00EFFC34 /* SignupViewController */ = {
			isa = PBXGroup;
			children = (
				F70C575D1EF3BCD700EFFC34 /* SignupViewController.swift */,
			);
			path = SignupViewController;
			sourceTree = "<group>";
		};
		F71B383D1EF413E9001B89DA /* BaseErrorController */ = {
			isa = PBXGroup;
			children = (
			);
			path = BaseErrorController;
			sourceTree = "<group>";
		};
		F71B383E1EF413E9001B89DA /* BaseNetwork */ = {
			isa = PBXGroup;
			children = (
			);
			path = BaseNetwork;
			sourceTree = "<group>";
		};
		F71B383F1EF413E9001B89DA /* BaseValidator */ = {
			isa = PBXGroup;
			children = (
				F71B38401EF413E9001B89DA /* BaseValidator.swift */,
			);
			path = BaseValidator;
			sourceTree = "<group>";
		};
/* End PBXGroup section */

/* Begin PBXNativeTarget section */
		4F45B47B1ED1D5A500EF3E2D /* BusinessManager */ = {
			isa = PBXNativeTarget;
			buildConfigurationList = 4F45B4911ED1D5A700EF3E2D /* Build configuration list for PBXNativeTarget "BusinessManager" */;
			buildPhases = (
				4F45B4781ED1D5A500EF3E2D /* Sources */,
				4F45B4791ED1D5A500EF3E2D /* Frameworks */,
				4F45B47A1ED1D5A500EF3E2D /* Resources */,
			);
			buildRules = (
			);
			dependencies = (
			);
			name = BusinessManager;
			productName = BusinessManager;
			productReference = 4F45B47C1ED1D5A700EF3E2D /* BusinessManager.app */;
			productType = "com.apple.product-type.application";
		};
/* End PBXNativeTarget section */

/* Begin PBXProject section */
		4F45B4741ED1D5A500EF3E2D /* Project object */ = {
			isa = PBXProject;
			attributes = {
				LastSwiftUpdateCheck = 0800;
				LastUpgradeCheck = 0800;
				ORGANIZATIONNAME = "Rahul Soni";
				TargetAttributes = {
					4F45B47B1ED1D5A500EF3E2D = {
						CreatedOnToolsVersion = 8.0;
						ProvisioningStyle = Automatic;
					};
				};
			};
			buildConfigurationList = 4F45B4771ED1D5A500EF3E2D /* Build configuration list for PBXProject "BusinessManager" */;
			compatibilityVersion = "Xcode 3.2";
			developmentRegion = English;
			hasScannedForEncodings = 0;
			knownRegions = (
				en,
				Base,
			);
			mainGroup = 4F45B4731ED1D5A500EF3E2D;
			productRefGroup = 4F45B47D1ED1D5A700EF3E2D /* Products */;
			projectDirPath = "";
			projectRoot = "";
			targets = (
				4F45B47B1ED1D5A500EF3E2D /* BusinessManager */,
			);
		};
/* End PBXProject section */

/* Begin PBXResourcesBuildPhase section */
		4F45B47A1ED1D5A500EF3E2D /* Resources */ = {
			isa = PBXResourcesBuildPhase;
			buildActionMask = 2147483647;
			files = (
				4F1AF0951EED525C00759DCC /* Main.storyboard in Resources */,
				4F1AF0941EED525C00759DCC /* LaunchScreen.storyboard in Resources */,
				4F45B48A1ED1D5A700EF3E2D /* Assets.xcassets in Resources */,
			);
			runOnlyForDeploymentPostprocessing = 0;
		};
/* End PBXResourcesBuildPhase section */

/* Begin PBXSourcesBuildPhase section */
		4F45B4781ED1D5A500EF3E2D /* Sources */ = {
			isa = PBXSourcesBuildPhase;
			buildActionMask = 2147483647;
			files = (
				F70C575E1EF3BCD700EFFC34 /* SignupViewController.swift in Sources */,
				4F1AF0A71EED7D4B00759DCC /* BaseViewController.swift in Sources */,
				F70C57621EF3BD6300EFFC34 /* LoginPresenter.swift in Sources */,
				4F1AF0901EED519900759DCC /* AppDelegate.swift in Sources */,
				F70C57641EF3BD9E00EFFC34 /* LoginInteractor.swift in Sources */,
				F70C57661EF3BDD500EFFC34 /* LoginRoutes.swift in Sources */,
				4F1AF0A41EED7CD300759DCC /* BasePresenter.swift in Sources */,
				F71B38411EF413E9001B89DA /* BaseValidator.swift in Sources */,
				F70C575C1EF3BCBE00EFFC34 /* LoginViewController.swift in Sources */,
				4F45B4881ED1D5A700EF3E2D /* BusinessManager.xcdatamodeld in Sources */,
			);
			runOnlyForDeploymentPostprocessing = 0;
		};
/* End PBXSourcesBuildPhase section */

/* Begin XCBuildConfiguration section */
		4F45B48F1ED1D5A700EF3E2D /* Debug */ = {
			isa = XCBuildConfiguration;
			buildSettings = {
				ALWAYS_SEARCH_USER_PATHS = NO;
				CLANG_ANALYZER_NONNULL = YES;
				CLANG_CXX_LANGUAGE_STANDARD = "gnu++0x";
				CLANG_CXX_LIBRARY = "libc++";
				CLANG_ENABLE_MODULES = YES;
				CLANG_ENABLE_OBJC_ARC = YES;
				CLANG_WARN_BOOL_CONVERSION = YES;
				CLANG_WARN_CONSTANT_CONVERSION = YES;
				CLANG_WARN_DIRECT_OBJC_ISA_USAGE = YES_ERROR;
				CLANG_WARN_DOCUMENTATION_COMMENTS = YES;
				CLANG_WARN_EMPTY_BODY = YES;
				CLANG_WARN_ENUM_CONVERSION = YES;
				CLANG_WARN_INFINITE_RECURSION = YES;
				CLANG_WARN_INT_CONVERSION = YES;
				CLANG_WARN_OBJC_ROOT_CLASS = YES_ERROR;
				CLANG_WARN_SUSPICIOUS_MOVES = YES;
				CLANG_WARN_UNREACHABLE_CODE = YES;
				CLANG_WARN__DUPLICATE_METHOD_MATCH = YES;
				"CODE_SIGN_IDENTITY[sdk=iphoneos*]" = "iPhone Developer";
				COPY_PHASE_STRIP = NO;
				DEBUG_INFORMATION_FORMAT = dwarf;
				ENABLE_STRICT_OBJC_MSGSEND = YES;
				ENABLE_TESTABILITY = YES;
				GCC_C_LANGUAGE_STANDARD = gnu99;
				GCC_DYNAMIC_NO_PIC = NO;
				GCC_NO_COMMON_BLOCKS = YES;
				GCC_OPTIMIZATION_LEVEL = 0;
				GCC_PREPROCESSOR_DEFINITIONS = (
					"DEBUG=1",
					"$(inherited)",
				);
				GCC_WARN_64_TO_32_BIT_CONVERSION = YES;
				GCC_WARN_ABOUT_RETURN_TYPE = YES_ERROR;
				GCC_WARN_UNDECLARED_SELECTOR = YES;
				GCC_WARN_UNINITIALIZED_AUTOS = YES_AGGRESSIVE;
				GCC_WARN_UNUSED_FUNCTION = YES;
				GCC_WARN_UNUSED_VARIABLE = YES;
				IPHONEOS_DEPLOYMENT_TARGET = 10.0;
				MTL_ENABLE_DEBUG_INFO = YES;
				ONLY_ACTIVE_ARCH = YES;
				SDKROOT = iphoneos;
				SWIFT_ACTIVE_COMPILATION_CONDITIONS = DEBUG;
				SWIFT_OPTIMIZATION_LEVEL = "-Onone";
				TARGETED_DEVICE_FAMILY = "1,2";
			};
			name = Debug;
		};
		4F45B4901ED1D5A700EF3E2D /* Release */ = {
			isa = XCBuildConfiguration;
			buildSettings = {
				ALWAYS_SEARCH_USER_PATHS = NO;
				CLANG_ANALYZER_NONNULL = YES;
				CLANG_CXX_LANGUAGE_STANDARD = "gnu++0x";
				CLANG_CXX_LIBRARY = "libc++";
				CLANG_ENABLE_MODULES = YES;
				CLANG_ENABLE_OBJC_ARC = YES;
				CLANG_WARN_BOOL_CONVERSION = YES;
				CLANG_WARN_CONSTANT_CONVERSION = YES;
				CLANG_WARN_DIRECT_OBJC_ISA_USAGE = YES_ERROR;
				CLANG_WARN_DOCUMENTATION_COMMENTS = YES;
				CLANG_WARN_EMPTY_BODY = YES;
				CLANG_WARN_ENUM_CONVERSION = YES;
				CLANG_WARN_INFINITE_RECURSION = YES;
				CLANG_WARN_INT_CONVERSION = YES;
				CLANG_WARN_OBJC_ROOT_CLASS = YES_ERROR;
				CLANG_WARN_SUSPICIOUS_MOVES = YES;
				CLANG_WARN_UNREACHABLE_CODE = YES;
				CLANG_WARN__DUPLICATE_METHOD_MATCH = YES;
				"CODE_SIGN_IDENTITY[sdk=iphoneos*]" = "iPhone Developer";
				COPY_PHASE_STRIP = NO;
				DEBUG_INFORMATION_FORMAT = "dwarf-with-dsym";
				ENABLE_NS_ASSERTIONS = NO;
				ENABLE_STRICT_OBJC_MSGSEND = YES;
				GCC_C_LANGUAGE_STANDARD = gnu99;
				GCC_NO_COMMON_BLOCKS = YES;
				GCC_WARN_64_TO_32_BIT_CONVERSION = YES;
				GCC_WARN_ABOUT_RETURN_TYPE = YES_ERROR;
				GCC_WARN_UNDECLARED_SELECTOR = YES;
				GCC_WARN_UNINITIALIZED_AUTOS = YES_AGGRESSIVE;
				GCC_WARN_UNUSED_FUNCTION = YES;
				GCC_WARN_UNUSED_VARIABLE = YES;
				IPHONEOS_DEPLOYMENT_TARGET = 10.0;
				MTL_ENABLE_DEBUG_INFO = NO;
				SDKROOT = iphoneos;
				SWIFT_OPTIMIZATION_LEVEL = "-Owholemodule";
				TARGETED_DEVICE_FAMILY = "1,2";
				VALIDATE_PRODUCT = YES;
			};
			name = Release;
		};
		4F45B4921ED1D5A700EF3E2D /* Debug */ = {
			isa = XCBuildConfiguration;
			buildSettings = {
				ASSETCATALOG_COMPILER_APPICON_NAME = AppIcon;
				INFOPLIST_FILE = BusinessManager/Info.plist;
				LD_RUNPATH_SEARCH_PATHS = "$(inherited) @executable_path/Frameworks";
				PRODUCT_BUNDLE_IDENTIFIER = com.skype.rahul89tech.BusinessManager;
				PRODUCT_NAME = "$(TARGET_NAME)";
				SWIFT_VERSION = 3.0;
			};
			name = Debug;
		};
		4F45B4931ED1D5A700EF3E2D /* Release */ = {
			isa = XCBuildConfiguration;
			buildSettings = {
				ASSETCATALOG_COMPILER_APPICON_NAME = AppIcon;
				INFOPLIST_FILE = BusinessManager/Info.plist;
				LD_RUNPATH_SEARCH_PATHS = "$(inherited) @executable_path/Frameworks";
				PRODUCT_BUNDLE_IDENTIFIER = com.skype.rahul89tech.BusinessManager;
				PRODUCT_NAME = "$(TARGET_NAME)";
				SWIFT_VERSION = 3.0;
			};
			name = Release;
		};
/* End XCBuildConfiguration section */

/* Begin XCConfigurationList section */
		4F45B4771ED1D5A500EF3E2D /* Build configuration list for PBXProject "BusinessManager" */ = {
			isa = XCConfigurationList;
			buildConfigurations = (
				4F45B48F1ED1D5A700EF3E2D /* Debug */,
				4F45B4901ED1D5A700EF3E2D /* Release */,
			);
			defaultConfigurationIsVisible = 0;
			defaultConfigurationName = Release;
		};
		4F45B4911ED1D5A700EF3E2D /* Build configuration list for PBXNativeTarget "BusinessManager" */ = {
			isa = XCConfigurationList;
			buildConfigurations = (
				4F45B4921ED1D5A700EF3E2D /* Debug */,
				4F45B4931ED1D5A700EF3E2D /* Release */,
			);
			defaultConfigurationIsVisible = 0;
			defaultConfigurationName = Release;
		};
/* End XCConfigurationList section */

/* Begin XCVersionGroup section */
		4F45B4861ED1D5A700EF3E2D /* BusinessManager.xcdatamodeld */ = {
			isa = XCVersionGroup;
			children = (
				4F45B4871ED1D5A700EF3E2D /* BusinessManager.xcdatamodel */,
			);
			currentVersion = 4F45B4871ED1D5A700EF3E2D /* BusinessManager.xcdatamodel */;
			path = BusinessManager.xcdatamodeld;
			sourceTree = "<group>";
			versionGroupType = wrapper.xcdatamodel;
		};
/* End XCVersionGroup section */
	};
	rootObject = 4F45B4741ED1D5A500EF3E2D /* Project object */;
}
