// !$*UTF8*$!
{
	archiveVersion = 1;
	classes = {
	};
	objectVersion = 46;
	objects = {

/* Begin PBXBuildFile section */
		4F45B4801ED1D5A700EF3E2D /* AppDelegate.swift in Sources */ = {isa = PBXBuildFile; fileRef = 4F45B47F1ED1D5A700EF3E2D /* AppDelegate.swift */; };
		4F45B4821ED1D5A700EF3E2D /* ViewController.swift in Sources */ = {isa = PBXBuildFile; fileRef = 4F45B4811ED1D5A700EF3E2D /* ViewController.swift */; };
		4F45B4851ED1D5A700EF3E2D /* Main.storyboard in Resources */ = {isa = PBXBuildFile; fileRef = 4F45B4831ED1D5A700EF3E2D /* Main.storyboard */; };
		4F45B4881ED1D5A700EF3E2D /* BusinessManager.xcdatamodeld in Sources */ = {isa = PBXBuildFile; fileRef = 4F45B4861ED1D5A700EF3E2D /* BusinessManager.xcdatamodeld */; };
		4F45B48A1ED1D5A700EF3E2D /* Assets.xcassets in Resources */ = {isa = PBXBuildFile; fileRef = 4F45B4891ED1D5A700EF3E2D /* Assets.xcassets */; };
		4F45B48D1ED1D5A700EF3E2D /* LaunchScreen.storyboard in Resources */ = {isa = PBXBuildFile; fileRef = 4F45B48B1ED1D5A700EF3E2D /* LaunchScreen.storyboard */; };
/* End PBXBuildFile section */

/* Begin PBXFileReference section */
		4F45B47C1ED1D5A700EF3E2D /* BusinessManager.app */ = {isa = PBXFileReference; explicitFileType = wrapper.application; includeInIndex = 0; path = BusinessManager.app; sourceTree = BUILT_PRODUCTS_DIR; };
		4F45B47F1ED1D5A700EF3E2D /* AppDelegate.swift */ = {isa = PBXFileReference; lastKnownFileType = sourcecode.swift; path = AppDelegate.swift; sourceTree = "<group>"; };
		4F45B4811ED1D5A700EF3E2D /* ViewController.swift */ = {isa = PBXFileReference; lastKnownFileType = sourcecode.swift; path = ViewController.swift; sourceTree = "<group>"; };
		4F45B4841ED1D5A700EF3E2D /* Base */ = {isa = PBXFileReference; lastKnownFileType = file.storyboard; name = Base; path = Base.lproj/Main.storyboard; sourceTree = "<group>"; };
		4F45B4871ED1D5A700EF3E2D /* BusinessManager.xcdatamodel */ = {isa = PBXFileReference; lastKnownFileType = wrapper.xcdatamodel; path = BusinessManager.xcdatamodel; sourceTree = "<group>"; };
		4F45B4891ED1D5A700EF3E2D /* Assets.xcassets */ = {isa = PBXFileReference; lastKnownFileType = folder.assetcatalog; path = Assets.xcassets; sourceTree = "<group>"; };
		4F45B48C1ED1D5A700EF3E2D /* Base */ = {isa = PBXFileReference; lastKnownFileType = file.storyboard; name = Base; path = Base.lproj/LaunchScreen.storyboard; sourceTree = "<group>"; };
		4F45B48E1ED1D5A700EF3E2D /* Info.plist */ = {isa = PBXFileReference; lastKnownFileType = text.plist.xml; path = Info.plist; sourceTree = "<group>"; };
/* End PBXFileReference section */

/* Begin PBXFrameworksBuildPhase section */
		4F45B4791ED1D5A500EF3E2D /* Frameworks */ = {
			isa = PBXFrameworksBuildPhase;
			buildActionMask = 2147483647;
			files = (
			);
			runOnlyForDeploymentPostprocessing = 0;
		};
/* End PBXFrameworksBuildPhase section */

/* Begin PBXGroup section */
		4F45B4731ED1D5A500EF3E2D = {
			isa = PBXGroup;
			children = (
				4F45B47E1ED1D5A700EF3E2D /* BusinessManager */,
				4F45B47D1ED1D5A700EF3E2D /* Products */,
			);
			sourceTree = "<group>";
		};
		4F45B47D1ED1D5A700EF3E2D /* Products */ = {
			isa = PBXGroup;
			children = (
				4F45B47C1ED1D5A700EF3E2D /* BusinessManager.app */,
			);
			name = Products;
			sourceTree = "<group>";
		};
		4F45B47E1ED1D5A700EF3E2D /* BusinessManager */ = {
			isa = PBXGroup;
			children = (
				4F45B4941ED1D5F600EF3E2D /* Classes */,
				4F45B47F1ED1D5A700EF3E2D /* AppDelegate.swift */,
				4F45B4811ED1D5A700EF3E2D /* ViewController.swift */,
				4F45B4831ED1D5A700EF3E2D /* Main.storyboard */,
				4F45B4891ED1D5A700EF3E2D /* Assets.xcassets */,
				4F45B48B1ED1D5A700EF3E2D /* LaunchScreen.storyboard */,
				4F45B48E1ED1D5A700EF3E2D /* Info.plist */,
				4F45B4861ED1D5A700EF3E2D /* BusinessManager.xcdatamodeld */,
			);
			path = BusinessManager;
			sourceTree = "<group>";
		};
		4F45B4941ED1D5F600EF3E2D /* Classes */ = {
			isa = PBXGroup;
			children = (
				4F45B4951ED1D63D00EF3E2D /* NativeClasses */,
			);
			path = Classes;
			sourceTree = "<group>";
		};
		4F45B4951ED1D63D00EF3E2D /* NativeClasses */ = {
			isa = PBXGroup;
			children = (
				4F45B4961ED1D63D00EF3E2D /* Controllers */,
				4F45B4971ED1D63D00EF3E2D /* Models */,
				4F45B4981ED1D63D00EF3E2D /* Views */,
			);
			path = NativeClasses;
			sourceTree = "<group>";
		};
		4F45B4961ED1D63D00EF3E2D /* Controllers */ = {
			isa = PBXGroup;
			children = (
			);
			path = Controllers;
			sourceTree = "<group>";
		};
		4F45B4971ED1D63D00EF3E2D /* Models */ = {
			isa = PBXGroup;
			children = (
			);
			path = Models;
			sourceTree = "<group>";
		};
		4F45B4981ED1D63D00EF3E2D /* Views */ = {
			isa = PBXGroup;
			children = (
			);
			path = Views;
			sourceTree = "<group>";
		};
/* End PBXGroup section */

/* Begin PBXNativeTarget section */
		4F45B47B1ED1D5A500EF3E2D /* BusinessManager */ = {
			isa = PBXNativeTarget;
			buildConfigurationList = 4F45B4911ED1D5A700EF3E2D /* Build configuration list for PBXNativeTarget "BusinessManager" */;
			buildPhases = (
				4F45B4781ED1D5A500EF3E2D /* Sources */,
				4F45B4791ED1D5A500EF3E2D /* Frameworks */,
				4F45B47A1ED1D5A500EF3E2D /* Resources */,
			);
			buildRules = (
			);
			dependencies = (
			);
			name = BusinessManager;
			productName = BusinessManager;
			productReference = 4F45B47C1ED1D5A700EF3E2D /* BusinessManager.app */;
			productType = "com.apple.product-type.application";
		};
/* End PBXNativeTarget section */

/* Begin PBXProject section */
		4F45B4741ED1D5A500EF3E2D /* Project object */ = {
			isa = PBXProject;
			attributes = {
				LastSwiftUpdateCheck = 0800;
				LastUpgradeCheck = 0800;
				ORGANIZATIONNAME = "Rahul Soni";
				TargetAttributes = {
					4F45B47B1ED1D5A500EF3E2D = {
						CreatedOnToolsVersion = 8.0;
						ProvisioningStyle = Automatic;
					};
				};
			};
			buildConfigurationList = 4F45B4771ED1D5A500EF3E2D /* Build configuration list for PBXProject "BusinessManager" */;
			compatibilityVersion = "Xcode 3.2";
			developmentRegion = English;
			hasScannedForEncodings = 0;
			knownRegions = (
				en,
				Base,
			);
			mainGroup = 4F45B4731ED1D5A500EF3E2D;
			productRefGroup = 4F45B47D1ED1D5A700EF3E2D /* Products */;
			projectDirPath = "";
			projectRoot = "";
			targets = (
				4F45B47B1ED1D5A500EF3E2D /* BusinessManager */,
			);
		};
/* End PBXProject section */

/* Begin PBXResourcesBuildPhase section */
		4F45B47A1ED1D5A500EF3E2D /* Resources */ = {
			isa = PBXResourcesBuildPhase;
			buildActionMask = 2147483647;
			files = (
				4F45B48D1ED1D5A700EF3E2D /* LaunchScreen.storyboard in Resources */,
				4F45B48A1ED1D5A700EF3E2D /* Assets.xcassets in Resources */,
				4F45B4851ED1D5A700EF3E2D /* Main.storyboard in Resources */,
			);
			runOnlyForDeploymentPostprocessing = 0;
		};
/* End PBXResourcesBuildPhase section */

/* Begin PBXSourcesBuildPhase section */
		4F45B4781ED1D5A500EF3E2D /* Sources */ = {
			isa = PBXSourcesBuildPhase;
			buildActionMask = 2147483647;
			files = (
				4F45B4821ED1D5A700EF3E2D /* ViewController.swift in Sources */,
				4F45B4881ED1D5A700EF3E2D /* BusinessManager.xcdatamodeld in Sources */,
				4F45B4801ED1D5A700EF3E2D /* AppDelegate.swift in Sources */,
			);
			runOnlyForDeploymentPostprocessing = 0;
		};
/* End PBXSourcesBuildPhase section */

/* Begin PBXVariantGroup section */
		4F45B4831ED1D5A700EF3E2D /* Main.storyboard */ = {
			isa = PBXVariantGroup;
			children = (
				4F45B4841ED1D5A700EF3E2D /* Base */,
			);
			name = Main.storyboard;
			sourceTree = "<group>";
		};
		4F45B48B1ED1D5A700EF3E2D /* LaunchScreen.storyboard */ = {
			isa = PBXVariantGroup;
			children = (
				4F45B48C1ED1D5A700EF3E2D /* Base */,
			);
			name = LaunchScreen.storyboard;
			sourceTree = "<group>";
		};
/* End PBXVariantGroup section */

/* Begin XCBuildConfiguration section */
		4F45B48F1ED1D5A700EF3E2D /* Debug */ = {
			isa = XCBuildConfiguration;
			buildSettings = {
				ALWAYS_SEARCH_USER_PATHS = NO;
				CLANG_ANALYZER_NONNULL = YES;
				CLANG_CXX_LANGUAGE_STANDARD = "gnu++0x";
				CLANG_CXX_LIBRARY = "libc++";
				CLANG_ENABLE_MODULES = YES;
				CLANG_ENABLE_OBJC_ARC = YES;
				CLANG_WARN_BOOL_CONVERSION = YES;
				CLANG_WARN_CONSTANT_CONVERSION = YES;
				CLANG_WARN_DIRECT_OBJC_ISA_USAGE = YES_ERROR;
				CLANG_WARN_DOCUMENTATION_COMMENTS = YES;
				CLANG_WARN_EMPTY_BODY = YES;
				CLANG_WARN_ENUM_CONVERSION = YES;
				CLANG_WARN_INFINITE_RECURSION = YES;
				CLANG_WARN_INT_CONVERSION = YES;
				CLANG_WARN_OBJC_ROOT_CLASS = YES_ERROR;
				CLANG_WARN_SUSPICIOUS_MOVES = YES;
				CLANG_WARN_UNREACHABLE_CODE = YES;
				CLANG_WARN__DUPLICATE_METHOD_MATCH = YES;
				"CODE_SIGN_IDENTITY[sdk=iphoneos*]" = "iPhone Developer";
				COPY_PHASE_STRIP = NO;
				DEBUG_INFORMATION_FORMAT = dwarf;
				ENABLE_STRICT_OBJC_MSGSEND = YES;
				ENABLE_TESTABILITY = YES;
				GCC_C_LANGUAGE_STANDARD = gnu99;
				GCC_DYNAMIC_NO_PIC = NO;
				GCC_NO_COMMON_BLOCKS = YES;
				GCC_OPTIMIZATION_LEVEL = 0;
				GCC_PREPROCESSOR_DEFINITIONS = (
					"DEBUG=1",
					"$(inherited)",
				);
				GCC_WARN_64_TO_32_BIT_CONVERSION = YES;
				GCC_WARN_ABOUT_RETURN_TYPE = YES_ERROR;
				GCC_WARN_UNDECLARED_SELECTOR = YES;
				GCC_WARN_UNINITIALIZED_AUTOS = YES_AGGRESSIVE;
				GCC_WARN_UNUSED_FUNCTION = YES;
				GCC_WARN_UNUSED_VARIABLE = YES;
				IPHONEOS_DEPLOYMENT_TARGET = 10.0;
				MTL_ENABLE_DEBUG_INFO = YES;
				ONLY_ACTIVE_ARCH = YES;
				SDKROOT = iphoneos;
				SWIFT_ACTIVE_COMPILATION_CONDITIONS = DEBUG;
				SWIFT_OPTIMIZATION_LEVEL = "-Onone";
				TARGETED_DEVICE_FAMILY = "1,2";
			};
			name = Debug;
		};
		4F45B4901ED1D5A700EF3E2D /* Release */ = {
			isa = XCBuildConfiguration;
			buildSettings = {
				ALWAYS_SEARCH_USER_PATHS = NO;
				CLANG_ANALYZER_NONNULL = YES;
				CLANG_CXX_LANGUAGE_STANDARD = "gnu++0x";
				CLANG_CXX_LIBRARY = "libc++";
				CLANG_ENABLE_MODULES = YES;
				CLANG_ENABLE_OBJC_ARC = YES;
				CLANG_WARN_BOOL_CONVERSION = YES;
				CLANG_WARN_CONSTANT_CONVERSION = YES;
				CLANG_WARN_DIRECT_OBJC_ISA_USAGE = YES_ERROR;
				CLANG_WARN_DOCUMENTATION_COMMENTS = YES;
				CLANG_WARN_EMPTY_BODY = YES;
				CLANG_WARN_ENUM_CONVERSION = YES;
				CLANG_WARN_INFINITE_RECURSION = YES;
				CLANG_WARN_INT_CONVERSION = YES;
				CLANG_WARN_OBJC_ROOT_CLASS = YES_ERROR;
				CLANG_WARN_SUSPICIOUS_MOVES = YES;
				CLANG_WARN_UNREACHABLE_CODE = YES;
				CLANG_WARN__DUPLICATE_METHOD_MATCH = YES;
				"CODE_SIGN_IDENTITY[sdk=iphoneos*]" = "iPhone Developer";
				COPY_PHASE_STRIP = NO;
				DEBUG_INFORMATION_FORMAT = "dwarf-with-dsym";
				ENABLE_NS_ASSERTIONS = NO;
				ENABLE_STRICT_OBJC_MSGSEND = YES;
				GCC_C_LANGUAGE_STANDARD = gnu99;
				GCC_NO_COMMON_BLOCKS = YES;
				GCC_WARN_64_TO_32_BIT_CONVERSION = YES;
				GCC_WARN_ABOUT_RETURN_TYPE = YES_ERROR;
				GCC_WARN_UNDECLARED_SELECTOR = YES;
				GCC_WARN_UNINITIALIZED_AUTOS = YES_AGGRESSIVE;
				GCC_WARN_UNUSED_FUNCTION = YES;
				GCC_WARN_UNUSED_VARIABLE = YES;
				IPHONEOS_DEPLOYMENT_TARGET = 10.0;
				MTL_ENABLE_DEBUG_INFO = NO;
				SDKROOT = iphoneos;
				SWIFT_OPTIMIZATION_LEVEL = "-Owholemodule";
				TARGETED_DEVICE_FAMILY = "1,2";
				VALIDATE_PRODUCT = YES;
			};
			name = Release;
		};
		4F45B4921ED1D5A700EF3E2D /* Debug */ = {
			isa = XCBuildConfiguration;
			buildSettings = {
				ASSETCATALOG_COMPILER_APPICON_NAME = AppIcon;
				INFOPLIST_FILE = BusinessManager/Info.plist;
				LD_RUNPATH_SEARCH_PATHS = "$(inherited) @executable_path/Frameworks";
				PRODUCT_BUNDLE_IDENTIFIER = com.skype.rahul89tech.BusinessManager;
				PRODUCT_NAME = "$(TARGET_NAME)";
				SWIFT_VERSION = 3.0;
			};
			name = Debug;
		};
		4F45B4931ED1D5A700EF3E2D /* Release */ = {
			isa = XCBuildConfiguration;
			buildSettings = {
				ASSETCATALOG_COMPILER_APPICON_NAME = AppIcon;
				INFOPLIST_FILE = BusinessManager/Info.plist;
				LD_RUNPATH_SEARCH_PATHS = "$(inherited) @executable_path/Frameworks";
				PRODUCT_BUNDLE_IDENTIFIER = com.skype.rahul89tech.BusinessManager;
				PRODUCT_NAME = "$(TARGET_NAME)";
				SWIFT_VERSION = 3.0;
			};
			name = Release;
		};
/* End XCBuildConfiguration section */

/* Begin XCConfigurationList section */
		4F45B4771ED1D5A500EF3E2D /* Build configuration list for PBXProject "BusinessManager" */ = {
			isa = XCConfigurationList;
			buildConfigurations = (
				4F45B48F1ED1D5A700EF3E2D /* Debug */,
				4F45B4901ED1D5A700EF3E2D /* Release */,
			);
			defaultConfigurationIsVisible = 0;
			defaultConfigurationName = Release;
		};
		4F45B4911ED1D5A700EF3E2D /* Build configuration list for PBXNativeTarget "BusinessManager" */ = {
			isa = XCConfigurationList;
			buildConfigurations = (
				4F45B4921ED1D5A700EF3E2D /* Debug */,
				4F45B4931ED1D5A700EF3E2D /* Release */,
			);
			defaultConfigurationIsVisible = 0;
		};
/* End XCConfigurationList section */

/* Begin XCVersionGroup section */
		4F45B4861ED1D5A700EF3E2D /* BusinessManager.xcdatamodeld */ = {
			isa = XCVersionGroup;
			children = (
				4F45B4871ED1D5A700EF3E2D /* BusinessManager.xcdatamodel */,
			);
			currentVersion = 4F45B4871ED1D5A700EF3E2D /* BusinessManager.xcdatamodel */;
			path = BusinessManager.xcdatamodeld;
			sourceTree = "<group>";
			versionGroupType = wrapper.xcdatamodel;
		};
/* End XCVersionGroup section */
	};
	rootObject = 4F45B4741ED1D5A500EF3E2D /* Project object */;
}
